
Microsoft Visual Studio Solution File, Format Version 12.00
# Visual Studio 15
VisualStudioVersion = 15.0.27703.2026
MinimumVisualStudioVersion = 10.0.40219.1
Project("{FAE04EC0-301F-11D3-BF4B-00C04F79EFBC}") = "smbc-downloader", "smbc-downloader\smbc-downloader.csproj", "{9EECA15C-1222-420D-9A42-58985916C824}"
EndProject
Global
	GlobalSection(SolutionConfigurationPlatforms) = preSolution
		Debug|Any CPU = Debug|Any CPU
		Release|Any CPU = Release|Any CPU
	EndGlobalSection
	GlobalSection(ProjectConfigurationPlatforms) = postSolution
		{9EECA15C-1222-420D-9A42-58985916C824}.Debug|Any CPU.ActiveCfg = Debug|Any CPU
		{9EECA15C-1222-420D-9A42-58985916C824}.Debug|Any CPU.Build.0 = Debug|Any CPU
		{9EECA15C-1222-420D-9A42-58985916C824}.Release|Any CPU.ActiveCfg = Release|Any CPU
		{9EECA15C-1222-420D-9A42-58985916C824}.Release|Any CPU.Build.0 = Release|Any CPU
	EndGlobalSection
	GlobalSection(SolutionProperties) = preSolution
		HideSolutionNode = FALSE
	EndGlobalSection
	GlobalSection(ExtensibilityGlobals) = postSolution
		SolutionGuid = {1EC52982-4B4A-4256-94B7-FDE76F565138}
	EndGlobalSection
EndGlobal
